// !$*UTF8*$!
{
	archiveVersion = 1;
	classes = {
	};
	objectVersion = 51;
	objects = {

/* Begin PBXBuildFile section */
		16005A5A256EBFD10071B89D /* Hacker_NewsApp.swift in Sources */ = {isa = PBXBuildFile; fileRef = 16005A59256EBFD10071B89D /* Hacker_NewsApp.swift */; };
		16005A5C256EBFD10071B89D /* ContentView.swift in Sources */ = {isa = PBXBuildFile; fileRef = 16005A5B256EBFD10071B89D /* ContentView.swift */; };
		16005A5E256EBFD30071B89D /* Assets.xcassets in Resources */ = {isa = PBXBuildFile; fileRef = 16005A5D256EBFD30071B89D /* Assets.xcassets */; };
		16005A61256EBFD30071B89D /* Preview Assets.xcassets in Resources */ = {isa = PBXBuildFile; fileRef = 16005A60256EBFD30071B89D /* Preview Assets.xcassets */; };
		16005A6B256EC2810071B89D /* NetworkManager.swift in Sources */ = {isa = PBXBuildFile; fileRef = 16005A6A256EC2810071B89D /* NetworkManager.swift */; };
		16005A6E256EC3880071B89D /* PostData.swift in Sources */ = {isa = PBXBuildFile; fileRef = 16005A6D256EC3880071B89D /* PostData.swift */; };
		16010DE126B9959A008988A0 /* ContentViewPostLabel.swift in Sources */ = {isa = PBXBuildFile; fileRef = 16010DE026B9959A008988A0 /* ContentViewPostLabel.swift */; };
		16010DE326B9A178008988A0 /* CommentJustTextView.swift in Sources */ = {isa = PBXBuildFile; fileRef = 16010DE226B9A178008988A0 /* CommentJustTextView.swift */; };
		164AE07D269B26A900159CEF /* WebContentView.swift in Sources */ = {isa = PBXBuildFile; fileRef = 164AE07C269B26A900159CEF /* WebContentView.swift */; };
		164AE07F269B27C600159CEF /* OpenedLinkView.swift in Sources */ = {isa = PBXBuildFile; fileRef = 164AE07E269B27C600159CEF /* OpenedLinkView.swift */; };
		164AE081269CA5C000159CEF /* CommentsView.swift in Sources */ = {isa = PBXBuildFile; fileRef = 164AE080269CA5C000159CEF /* CommentsView.swift */; };
		168D066826B73B5B001A8BB5 /* Constants.swift in Sources */ = {isa = PBXBuildFile; fileRef = 168D066726B73B5B001A8BB5 /* Constants.swift */; };
		168D066D26B74467001A8BB5 /* PostManager.swift in Sources */ = {isa = PBXBuildFile; fileRef = 168D066C26B74467001A8BB5 /* PostManager.swift */; };
		168D066F26B744D0001A8BB5 /* style.html in Resources */ = {isa = PBXBuildFile; fileRef = 168D066E26B744D0001A8BB5 /* style.html */; };
		168D067126B745CC001A8BB5 /* CommentTextView.swift in Sources */ = {isa = PBXBuildFile; fileRef = 168D067026B745CC001A8BB5 /* CommentTextView.swift */; };
		168D067326B80142001A8BB5 /* SingleCommentView.swift in Sources */ = {isa = PBXBuildFile; fileRef = 168D067226B80142001A8BB5 /* SingleCommentView.swift */; };
		761740790FDE3BCCAE77A1B4 /* Pods_Hacker_News.framework in Frameworks */ = {isa = PBXBuildFile; fileRef = DCC46C4630B125A5D45A7DAE /* Pods_Hacker_News.framework */; };
/* End PBXBuildFile section */

/* Begin PBXFileReference section */
		16005A56256EBFD10071B89D /* Hacker News.app */ = {isa = PBXFileReference; explicitFileType = wrapper.application; includeInIndex = 0; path = "Hacker News.app"; sourceTree = BUILT_PRODUCTS_DIR; };
		16005A59256EBFD10071B89D /* Hacker_NewsApp.swift */ = {isa = PBXFileReference; lastKnownFileType = sourcecode.swift; path = Hacker_NewsApp.swift; sourceTree = "<group>"; };
		16005A5B256EBFD10071B89D /* ContentView.swift */ = {isa = PBXFileReference; lastKnownFileType = sourcecode.swift; path = ContentView.swift; sourceTree = "<group>"; };
		16005A5D256EBFD30071B89D /* Assets.xcassets */ = {isa = PBXFileReference; lastKnownFileType = folder.assetcatalog; path = Assets.xcassets; sourceTree = "<group>"; };
		16005A60256EBFD30071B89D /* Preview Assets.xcassets */ = {isa = PBXFileReference; lastKnownFileType = folder.assetcatalog; path = "Preview Assets.xcassets"; sourceTree = "<group>"; };
		16005A62256EBFD30071B89D /* Info.plist */ = {isa = PBXFileReference; lastKnownFileType = text.plist.xml; path = Info.plist; sourceTree = "<group>"; };
		16005A6A256EC2810071B89D /* NetworkManager.swift */ = {isa = PBXFileReference; lastKnownFileType = sourcecode.swift; path = NetworkManager.swift; sourceTree = "<group>"; };
		16005A6D256EC3880071B89D /* PostData.swift */ = {isa = PBXFileReference; lastKnownFileType = sourcecode.swift; path = PostData.swift; sourceTree = "<group>"; };
		16010DE026B9959A008988A0 /* ContentViewPostLabel.swift */ = {isa = PBXFileReference; lastKnownFileType = sourcecode.swift; path = ContentViewPostLabel.swift; sourceTree = "<group>"; };
		16010DE226B9A178008988A0 /* CommentJustTextView.swift */ = {isa = PBXFileReference; lastKnownFileType = sourcecode.swift; path = CommentJustTextView.swift; sourceTree = "<group>"; };
		164AE07C269B26A900159CEF /* WebContentView.swift */ = {isa = PBXFileReference; lastKnownFileType = sourcecode.swift; path = WebContentView.swift; sourceTree = "<group>"; };
		164AE07E269B27C600159CEF /* OpenedLinkView.swift */ = {isa = PBXFileReference; lastKnownFileType = sourcecode.swift; path = OpenedLinkView.swift; sourceTree = "<group>"; };
		164AE080269CA5C000159CEF /* CommentsView.swift */ = {isa = PBXFileReference; lastKnownFileType = sourcecode.swift; path = CommentsView.swift; sourceTree = "<group>"; };
		168D066726B73B5B001A8BB5 /* Constants.swift */ = {isa = PBXFileReference; lastKnownFileType = sourcecode.swift; path = Constants.swift; sourceTree = "<group>"; };
		168D066C26B74467001A8BB5 /* PostManager.swift */ = {isa = PBXFileReference; lastKnownFileType = sourcecode.swift; path = PostManager.swift; sourceTree = "<group>"; };
		168D066E26B744D0001A8BB5 /* style.html */ = {isa = PBXFileReference; fileEncoding = 4; lastKnownFileType = text.html; path = style.html; sourceTree = "<group>"; };
		168D067026B745CC001A8BB5 /* CommentTextView.swift */ = {isa = PBXFileReference; lastKnownFileType = sourcecode.swift; path = CommentTextView.swift; sourceTree = "<group>"; };
		168D067226B80142001A8BB5 /* SingleCommentView.swift */ = {isa = PBXFileReference; lastKnownFileType = sourcecode.swift; path = SingleCommentView.swift; sourceTree = "<group>"; };
		2D92D42B865D079A072B9EC5 /* Pods-Hacker News.release.xcconfig */ = {isa = PBXFileReference; includeInIndex = 1; lastKnownFileType = text.xcconfig; name = "Pods-Hacker News.release.xcconfig"; path = "Target Support Files/Pods-Hacker News/Pods-Hacker News.release.xcconfig"; sourceTree = "<group>"; };
		7F57DA7383C6B45367B8BE7C /* Pods-Hacker News.debug.xcconfig */ = {isa = PBXFileReference; includeInIndex = 1; lastKnownFileType = text.xcconfig; name = "Pods-Hacker News.debug.xcconfig"; path = "Target Support Files/Pods-Hacker News/Pods-Hacker News.debug.xcconfig"; sourceTree = "<group>"; };
		DCC46C4630B125A5D45A7DAE /* Pods_Hacker_News.framework */ = {isa = PBXFileReference; explicitFileType = wrapper.framework; includeInIndex = 0; path = Pods_Hacker_News.framework; sourceTree = BUILT_PRODUCTS_DIR; };
/* End PBXFileReference section */

/* Begin PBXFrameworksBuildPhase section */
		16005A53256EBFD10071B89D /* Frameworks */ = {
			isa = PBXFrameworksBuildPhase;
			buildActionMask = 2147483647;
			files = (
				761740790FDE3BCCAE77A1B4 /* Pods_Hacker_News.framework in Frameworks */,
			);
			runOnlyForDeploymentPostprocessing = 0;
		};
/* End PBXFrameworksBuildPhase section */

/* Begin PBXGroup section */
		16005A4D256EBFD10071B89D = {
			isa = PBXGroup;
			children = (
				16005A58256EBFD10071B89D /* Hacker News */,
				16005A57256EBFD10071B89D /* Products */,
				2554E652D847ED87336091ED /* Pods */,
				5DAB02D70B2D09810E3237F4 /* Frameworks */,
			);
			sourceTree = "<group>";
		};
		16005A57256EBFD10071B89D /* Products */ = {
			isa = PBXGroup;
			children = (
				16005A56256EBFD10071B89D /* Hacker News.app */,
			);
			name = Products;
			sourceTree = "<group>";
		};
		16005A58256EBFD10071B89D /* Hacker News */ = {
			isa = PBXGroup;
			children = (
				168D066626B73B44001A8BB5 /* Utilities */,
				164AE079269B267800159CEF /* Views */,
				168D066926B73D28001A8BB5 /* ViewModels */,
				16005A69256EC2720071B89D /* Models */,
				16005A59256EBFD10071B89D /* Hacker_NewsApp.swift */,
				16005A5D256EBFD30071B89D /* Assets.xcassets */,
				16005A62256EBFD30071B89D /* Info.plist */,
				16005A5F256EBFD30071B89D /* Preview Content */,
			);
			path = "Hacker News";
			sourceTree = "<group>";
		};
		16005A5F256EBFD30071B89D /* Preview Content */ = {
			isa = PBXGroup;
			children = (
				16005A60256EBFD30071B89D /* Preview Assets.xcassets */,
			);
			path = "Preview Content";
			sourceTree = "<group>";
		};
		16005A69256EC2720071B89D /* Models */ = {
			isa = PBXGroup;
			children = (
				16005A6D256EC3880071B89D /* PostData.swift */,
			);
			path = Models;
			sourceTree = "<group>";
		};
		164AE079269B267800159CEF /* Views */ = {
			isa = PBXGroup;
			children = (
				16005A5B256EBFD10071B89D /* ContentView.swift */,
				164AE07C269B26A900159CEF /* WebContentView.swift */,
				164AE07E269B27C600159CEF /* OpenedLinkView.swift */,
				164AE080269CA5C000159CEF /* CommentsView.swift */,
				168D067026B745CC001A8BB5 /* CommentTextView.swift */,
				168D067226B80142001A8BB5 /* SingleCommentView.swift */,
				16010DE026B9959A008988A0 /* ContentViewPostLabel.swift */,
				16010DE226B9A178008988A0 /* CommentJustTextView.swift */,
			);
			path = Views;
			sourceTree = "<group>";
		};
		168D066626B73B44001A8BB5 /* Utilities */ = {
			isa = PBXGroup;
			children = (
				168D066E26B744D0001A8BB5 /* style.html */,
				168D066726B73B5B001A8BB5 /* Constants.swift */,
			);
			path = Utilities;
			sourceTree = "<group>";
		};
		168D066926B73D28001A8BB5 /* ViewModels */ = {
			isa = PBXGroup;
			children = (
				16005A6A256EC2810071B89D /* NetworkManager.swift */,
				168D066C26B74467001A8BB5 /* PostManager.swift */,
			);
			path = ViewModels;
			sourceTree = "<group>";
		};
		2554E652D847ED87336091ED /* Pods */ = {
			isa = PBXGroup;
			children = (
				7F57DA7383C6B45367B8BE7C /* Pods-Hacker News.debug.xcconfig */,
				2D92D42B865D079A072B9EC5 /* Pods-Hacker News.release.xcconfig */,
			);
			path = Pods;
			sourceTree = "<group>";
		};
		5DAB02D70B2D09810E3237F4 /* Frameworks */ = {
			isa = PBXGroup;
			children = (
				DCC46C4630B125A5D45A7DAE /* Pods_Hacker_News.framework */,
			);
			name = Frameworks;
			sourceTree = "<group>";
		};
/* End PBXGroup section */

/* Begin PBXNativeTarget section */
		16005A55256EBFD10071B89D /* Hacker News */ = {
			isa = PBXNativeTarget;
			buildConfigurationList = 16005A65256EBFD30071B89D /* Build configuration list for PBXNativeTarget "Hacker News" */;
			buildPhases = (
				4866E6D3C65665E94708BB1A /* [CP] Check Pods Manifest.lock */,
				16005A52256EBFD10071B89D /* Sources */,
				16005A53256EBFD10071B89D /* Frameworks */,
				16005A54256EBFD10071B89D /* Resources */,
				8BF4D467D99D459059A74951 /* [CP] Embed Pods Frameworks */,
			);
			buildRules = (
			);
			dependencies = (
			);
			name = "Hacker News";
			productName = "Hacker News";
			productReference = 16005A56256EBFD10071B89D /* Hacker News.app */;
			productType = "com.apple.product-type.application";
		};
/* End PBXNativeTarget section */

/* Begin PBXProject section */
		16005A4E256EBFD10071B89D /* Project object */ = {
			isa = PBXProject;
			attributes = {
				LastSwiftUpdateCheck = 1220;
				LastUpgradeCheck = 1220;
				TargetAttributes = {
					16005A55256EBFD10071B89D = {
						CreatedOnToolsVersion = 12.2;
					};
				};
			};
			buildConfigurationList = 16005A51256EBFD10071B89D /* Build configuration list for PBXProject "Hacker News" */;
			compatibilityVersion = "Xcode 9.3";
			developmentRegion = en;
			hasScannedForEncodings = 0;
			knownRegions = (
				en,
				Base,
			);
			mainGroup = 16005A4D256EBFD10071B89D;
			productRefGroup = 16005A57256EBFD10071B89D /* Products */;
			projectDirPath = "";
			projectRoot = "";
			targets = (
				16005A55256EBFD10071B89D /* Hacker News */,
			);
		};
/* End PBXProject section */

/* Begin PBXResourcesBuildPhase section */
		16005A54256EBFD10071B89D /* Resources */ = {
			isa = PBXResourcesBuildPhase;
			buildActionMask = 2147483647;
			files = (
				168D066F26B744D0001A8BB5 /* style.html in Resources */,
				16005A61256EBFD30071B89D /* Preview Assets.xcassets in Resources */,
				16005A5E256EBFD30071B89D /* Assets.xcassets in Resources */,
			);
			runOnlyForDeploymentPostprocessing = 0;
		};
/* End PBXResourcesBuildPhase section */

/* Begin PBXShellScriptBuildPhase section */
		4866E6D3C65665E94708BB1A /* [CP] Check Pods Manifest.lock */ = {
			isa = PBXShellScriptBuildPhase;
			buildActionMask = 2147483647;
			files = (
			);
			inputFileListPaths = (
			);
			inputPaths = (
				"${PODS_PODFILE_DIR_PATH}/Podfile.lock",
				"${PODS_ROOT}/Manifest.lock",
			);
			name = "[CP] Check Pods Manifest.lock";
			outputFileListPaths = (
			);
			outputPaths = (
				"$(DERIVED_FILE_DIR)/Pods-Hacker News-checkManifestLockResult.txt",
			);
			runOnlyForDeploymentPostprocessing = 0;
			shellPath = /bin/sh;
			shellScript = "diff \"${PODS_PODFILE_DIR_PATH}/Podfile.lock\" \"${PODS_ROOT}/Manifest.lock\" > /dev/null\nif [ $? != 0 ] ; then\n    # print error to STDERR\n    echo \"error: The sandbox is not in sync with the Podfile.lock. Run 'pod install' or update your CocoaPods installation.\" >&2\n    exit 1\nfi\n# This output is used by Xcode 'outputs' to avoid re-running this script phase.\necho \"SUCCESS\" > \"${SCRIPT_OUTPUT_FILE_0}\"\n";
			showEnvVarsInLog = 0;
		};
		8BF4D467D99D459059A74951 /* [CP] Embed Pods Frameworks */ = {
			isa = PBXShellScriptBuildPhase;
			buildActionMask = 2147483647;
			files = (
			);
			inputFileListPaths = (
				"${PODS_ROOT}/Target Support Files/Pods-Hacker News/Pods-Hacker News-frameworks-${CONFIGURATION}-input-files.xcfilelist",
			);
			name = "[CP] Embed Pods Frameworks";
			outputFileListPaths = (
				"${PODS_ROOT}/Target Support Files/Pods-Hacker News/Pods-Hacker News-frameworks-${CONFIGURATION}-output-files.xcfilelist",
			);
			runOnlyForDeploymentPostprocessing = 0;
			shellPath = /bin/sh;
			shellScript = "\"${PODS_ROOT}/Target Support Files/Pods-Hacker News/Pods-Hacker News-frameworks.sh\"\n";
			showEnvVarsInLog = 0;
		};
/* End PBXShellScriptBuildPhase section */

/* Begin PBXSourcesBuildPhase section */
		16005A52256EBFD10071B89D /* Sources */ = {
			isa = PBXSourcesBuildPhase;
			buildActionMask = 2147483647;
			files = (
				16005A6B256EC2810071B89D /* NetworkManager.swift in Sources */,
				16005A6E256EC3880071B89D /* PostData.swift in Sources */,
				16005A5C256EBFD10071B89D /* ContentView.swift in Sources */,
				164AE07D269B26A900159CEF /* WebContentView.swift in Sources */,
				164AE07F269B27C600159CEF /* OpenedLinkView.swift in Sources */,
				168D067326B80142001A8BB5 /* SingleCommentView.swift in Sources */,
				168D066D26B74467001A8BB5 /* PostManager.swift in Sources */,
				16005A5A256EBFD10071B89D /* Hacker_NewsApp.swift in Sources */,
				164AE081269CA5C000159CEF /* CommentsView.swift in Sources */,
				16010DE126B9959A008988A0 /* ContentViewPostLabel.swift in Sources */,
				168D066826B73B5B001A8BB5 /* Constants.swift in Sources */,
				168D067126B745CC001A8BB5 /* CommentTextView.swift in Sources */,
				16010DE326B9A178008988A0 /* CommentJustTextView.swift in Sources */,
			);
			runOnlyForDeploymentPostprocessing = 0;
		};
/* End PBXSourcesBuildPhase section */

/* Begin XCBuildConfiguration section */
		16005A63256EBFD30071B89D /* Debug */ = {
			isa = XCBuildConfiguration;
			buildSettings = {
				ALWAYS_SEARCH_USER_PATHS = NO;
				CLANG_ANALYZER_NONNULL = YES;
				CLANG_ANALYZER_NUMBER_OBJECT_CONVERSION = YES_AGGRESSIVE;
				CLANG_CXX_LANGUAGE_STANDARD = "gnu++14";
				CLANG_CXX_LIBRARY = "libc++";
				CLANG_ENABLE_MODULES = YES;
				CLANG_ENABLE_OBJC_ARC = YES;
				CLANG_ENABLE_OBJC_WEAK = YES;
				CLANG_WARN_BLOCK_CAPTURE_AUTORELEASING = YES;
				CLANG_WARN_BOOL_CONVERSION = YES;
				CLANG_WARN_COMMA = YES;
				CLANG_WARN_CONSTANT_CONVERSION = YES;
				CLANG_WARN_DEPRECATED_OBJC_IMPLEMENTATIONS = YES;
				CLANG_WARN_DIRECT_OBJC_ISA_USAGE = YES_ERROR;
				CLANG_WARN_DOCUMENTATION_COMMENTS = YES;
				CLANG_WARN_EMPTY_BODY = YES;
				CLANG_WARN_ENUM_CONVERSION = YES;
				CLANG_WARN_INFINITE_RECURSION = YES;
				CLANG_WARN_INT_CONVERSION = YES;
				CLANG_WARN_NON_LITERAL_NULL_CONVERSION = YES;
				CLANG_WARN_OBJC_IMPLICIT_RETAIN_SELF = YES;
				CLANG_WARN_OBJC_LITERAL_CONVERSION = YES;
				CLANG_WARN_OBJC_ROOT_CLASS = YES_ERROR;
				CLANG_WARN_QUOTED_INCLUDE_IN_FRAMEWORK_HEADER = YES;
				CLANG_WARN_RANGE_LOOP_ANALYSIS = YES;
				CLANG_WARN_STRICT_PROTOTYPES = YES;
				CLANG_WARN_SUSPICIOUS_MOVE = YES;
				CLANG_WARN_UNGUARDED_AVAILABILITY = YES_AGGRESSIVE;
				CLANG_WARN_UNREACHABLE_CODE = YES;
				CLANG_WARN__DUPLICATE_METHOD_MATCH = YES;
				COPY_PHASE_STRIP = NO;
				DEBUG_INFORMATION_FORMAT = dwarf;
				ENABLE_STRICT_OBJC_MSGSEND = YES;
				ENABLE_TESTABILITY = YES;
				GCC_C_LANGUAGE_STANDARD = gnu11;
				GCC_DYNAMIC_NO_PIC = NO;
				GCC_NO_COMMON_BLOCKS = YES;
				GCC_OPTIMIZATION_LEVEL = 0;
				GCC_PREPROCESSOR_DEFINITIONS = (
					"DEBUG=1",
					"$(inherited)",
				);
				GCC_WARN_64_TO_32_BIT_CONVERSION = YES;
				GCC_WARN_ABOUT_RETURN_TYPE = YES_ERROR;
				GCC_WARN_UNDECLARED_SELECTOR = YES;
				GCC_WARN_UNINITIALIZED_AUTOS = YES_AGGRESSIVE;
				GCC_WARN_UNUSED_FUNCTION = YES;
				GCC_WARN_UNUSED_VARIABLE = YES;
				IPHONEOS_DEPLOYMENT_TARGET = 14.2;
				MTL_ENABLE_DEBUG_INFO = INCLUDE_SOURCE;
				MTL_FAST_MATH = YES;
				ONLY_ACTIVE_ARCH = YES;
				SDKROOT = iphoneos;
				SWIFT_ACTIVE_COMPILATION_CONDITIONS = DEBUG;
				SWIFT_OPTIMIZATION_LEVEL = "-Onone";
			};
			name = Debug;
		};
		16005A64256EBFD30071B89D /* Release */ = {
			isa = XCBuildConfiguration;
			buildSettings = {
				ALWAYS_SEARCH_USER_PATHS = NO;
				CLANG_ANALYZER_NONNULL = YES;
				CLANG_ANALYZER_NUMBER_OBJECT_CONVERSION = YES_AGGRESSIVE;
				CLANG_CXX_LANGUAGE_STANDARD = "gnu++14";
				CLANG_CXX_LIBRARY = "libc++";
				CLANG_ENABLE_MODULES = YES;
				CLANG_ENABLE_OBJC_ARC = YES;
				CLANG_ENABLE_OBJC_WEAK = YES;
				CLANG_WARN_BLOCK_CAPTURE_AUTORELEASING = YES;
				CLANG_WARN_BOOL_CONVERSION = YES;
				CLANG_WARN_COMMA = YES;
				CLANG_WARN_CONSTANT_CONVERSION = YES;
				CLANG_WARN_DEPRECATED_OBJC_IMPLEMENTATIONS = YES;
				CLANG_WARN_DIRECT_OBJC_ISA_USAGE = YES_ERROR;
				CLANG_WARN_DOCUMENTATION_COMMENTS = YES;
				CLANG_WARN_EMPTY_BODY = YES;
				CLANG_WARN_ENUM_CONVERSION = YES;
				CLANG_WARN_INFINITE_RECURSION = YES;
				CLANG_WARN_INT_CONVERSION = YES;
				CLANG_WARN_NON_LITERAL_NULL_CONVERSION = YES;
				CLANG_WARN_OBJC_IMPLICIT_RETAIN_SELF = YES;
				CLANG_WARN_OBJC_LITERAL_CONVERSION = YES;
				CLANG_WARN_OBJC_ROOT_CLASS = YES_ERROR;
				CLANG_WARN_QUOTED_INCLUDE_IN_FRAMEWORK_HEADER = YES;
				CLANG_WARN_RANGE_LOOP_ANALYSIS = YES;
				CLANG_WARN_STRICT_PROTOTYPES = YES;
				CLANG_WARN_SUSPICIOUS_MOVE = YES;
				CLANG_WARN_UNGUARDED_AVAILABILITY = YES_AGGRESSIVE;
				CLANG_WARN_UNREACHABLE_CODE = YES;
				CLANG_WARN__DUPLICATE_METHOD_MATCH = YES;
				COPY_PHASE_STRIP = NO;
				DEBUG_INFORMATION_FORMAT = "dwarf-with-dsym";
				ENABLE_NS_ASSERTIONS = NO;
				ENABLE_STRICT_OBJC_MSGSEND = YES;
				GCC_C_LANGUAGE_STANDARD = gnu11;
				GCC_NO_COMMON_BLOCKS = YES;
				GCC_WARN_64_TO_32_BIT_CONVERSION = YES;
				GCC_WARN_ABOUT_RETURN_TYPE = YES_ERROR;
				GCC_WARN_UNDECLARED_SELECTOR = YES;
				GCC_WARN_UNINITIALIZED_AUTOS = YES_AGGRESSIVE;
				GCC_WARN_UNUSED_FUNCTION = YES;
				GCC_WARN_UNUSED_VARIABLE = YES;
				IPHONEOS_DEPLOYMENT_TARGET = 14.2;
				MTL_ENABLE_DEBUG_INFO = NO;
				MTL_FAST_MATH = YES;
				SDKROOT = iphoneos;
				SWIFT_COMPILATION_MODE = wholemodule;
				SWIFT_OPTIMIZATION_LEVEL = "-O";
				VALIDATE_PRODUCT = YES;
			};
			name = Release;
		};
		16005A66256EBFD30071B89D /* Debug */ = {
			isa = XCBuildConfiguration;
			baseConfigurationReference = 7F57DA7383C6B45367B8BE7C /* Pods-Hacker News.debug.xcconfig */;
			buildSettings = {
				ASSETCATALOG_COMPILER_APPICON_NAME = AppIcon;
				ASSETCATALOG_COMPILER_GLOBAL_ACCENT_COLOR_NAME = AccentColor;
				CODE_SIGN_STYLE = Automatic;
				DEVELOPMENT_ASSET_PATHS = "\"Hacker News/Preview Content\"";
				DEVELOPMENT_TEAM = 297TD6X7XZ;
				ENABLE_PREVIEWS = YES;
				INFOPLIST_FILE = "Hacker News/Info.plist";
				IPHONEOS_DEPLOYMENT_TARGET = 14.0;
				LD_RUNPATH_SEARCH_PATHS = (
					"$(inherited)",
					"@executable_path/Frameworks",
				);
				PRODUCT_BUNDLE_IDENTIFIER = "com.scase.Hacker-News";
				PRODUCT_NAME = "$(TARGET_NAME)";
				SWIFT_VERSION = 5.0;
				TARGETED_DEVICE_FAMILY = "1,2";
			};
			name = Debug;
		};
		16005A67256EBFD30071B89D /* Release */ = {
			isa = XCBuildConfiguration;
			baseConfigurationReference = 2D92D42B865D079A072B9EC5 /* Pods-Hacker News.release.xcconfig */;
			buildSettings = {
				ASSETCATALOG_COMPILER_APPICON_NAME = AppIcon;
				ASSETCATALOG_COMPILER_GLOBAL_ACCENT_COLOR_NAME = AccentColor;
				CODE_SIGN_STYLE = Automatic;
				DEVELOPMENT_ASSET_PATHS = "\"Hacker News/Preview Content\"";
				DEVELOPMENT_TEAM = 297TD6X7XZ;
				ENABLE_PREVIEWS = YES;
				INFOPLIST_FILE = "Hacker News/Info.plist";
				IPHONEOS_DEPLOYMENT_TARGET = 14.0;
				LD_RUNPATH_SEARCH_PATHS = (
					"$(inherited)",
					"@executable_path/Frameworks",
				);
				PRODUCT_BUNDLE_IDENTIFIER = "com.scase.Hacker-News";
				PRODUCT_NAME = "$(TARGET_NAME)";
				SWIFT_VERSION = 5.0;
				TARGETED_DEVICE_FAMILY = "1,2";
			};
			name = Release;
		};
/* End XCBuildConfiguration section */

/* Begin XCConfigurationList section */
		16005A51256EBFD10071B89D /* Build configuration list for PBXProject "Hacker News" */ = {
			isa = XCConfigurationList;
			buildConfigurations = (
				16005A63256EBFD30071B89D /* Debug */,
				16005A64256EBFD30071B89D /* Release */,
			);
			defaultConfigurationIsVisible = 0;
			defaultConfigurationName = Release;
		};
		16005A65256EBFD30071B89D /* Build configuration list for PBXNativeTarget "Hacker News" */ = {
			isa = XCConfigurationList;
			buildConfigurations = (
				16005A66256EBFD30071B89D /* Debug */,
				16005A67256EBFD30071B89D /* Release */,
			);
			defaultConfigurationIsVisible = 0;
			defaultConfigurationName = Release;
		};
/* End XCConfigurationList section */
	};
	rootObject = 16005A4E256EBFD10071B89D /* Project object */;
}
